PODS:
  - AppSwizzle (1.0.0)
  - NetworkEye.swift (1.0.0):
    - AppSwizzle (~> 1.0.0)

DEPENDENCIES:
  - NetworkEye.swift (from `../`)

EXTERNAL SOURCES:
  NetworkEye.swift:
    :path: "../"

SPEC CHECKSUMS:
  AppSwizzle: 0ba5dc3d884a5315a89ac4ab08c7f8e1c85c795c
  NetworkEye.swift: 4d57f9dc06df3ec31230f7b9f2ad49e33a118498

PODFILE CHECKSUM: fb21f5492104a96e2a848f861b53aa7335fe9ded

COCOAPODS: 1.2.0
