PODS:
  - AppSwizzle (1.3.1)
  - NetworkEye.swift (1.2.0):
    - AppSwizzle (~> 1.3.1)

DEPENDENCIES:
  - NetworkEye.swift (from `../`)

SPEC REPOS:
  https://github.com/CocoaPods/Specs.git:
    - AppSwizzle

EXTERNAL SOURCES:
  NetworkEye.swift:
    :path: "../"

SPEC CHECKSUMS:
  AppSwizzle: db36e436f56110d93e5ae0147683435df593cabc
  NetworkEye.swift: 23f9f48f42261cbb42e4165e5339efa655ee96c1

PODFILE CHECKSUM: fb21f5492104a96e2a848f861b53aa7335fe9ded

COCOAPODS: 1.5.0
